
Microsoft Visual Studio Solution File, Format Version 12.00
# Visual Studio Version 17
VisualStudioVersion = 17.5.002.0
MinimumVisualStudioVersion = 10.0.40219.1
Project("{9A19103F-16F7-4668-BE54-9A1E7A4F7556}") = "CustomerApi", "CustomerApi.csproj", "{339E15E3-15A0-4FB1-9685-AA31F591FD8D}"
EndProject
Global
	GlobalSection(SolutionConfigurationPlatforms) = preSolution
		Debug|Any CPU = Debug|Any CPU
		Release|Any CPU = Release|Any CPU
	EndGlobalSection
	GlobalSection(ProjectConfigurationPlatforms) = postSolution
		{339E15E3-15A0-4FB1-9685-AA31F591FD8D}.Debug|Any CPU.ActiveCfg = Debug|Any CPU
		{339E15E3-15A0-4FB1-9685-AA31F591FD8D}.Debug|Any CPU.Build.0 = Debug|Any CPU
		{339E15E3-15A0-4FB1-9685-AA31F591FD8D}.Release|Any CPU.ActiveCfg = Release|Any CPU
		{339E15E3-15A0-4FB1-9685-AA31F591FD8D}.Release|Any CPU.Build.0 = Release|Any CPU
	EndGlobalSection
	GlobalSection(SolutionProperties) = preSolution
		HideSolutionNode = FALSE
	EndGlobalSection
	GlobalSection(ExtensibilityGlobals) = postSolution
		SolutionGuid = {5AE1FB1A-9568-406C-ACA9-EFFDE26652FC}
	EndGlobalSection
EndGlobal
